
Microsoft Visual Studio Solution File, Format Version 12.00
# Visual Studio 2013
VisualStudioVersion = 12.0.21005.1
MinimumVisualStudioVersion = 10.0.40219.1
Project("{FAE04EC0-301F-11D3-BF4B-00C04F79EFBC}") = "BjDiDaSoft.Core.Application.BusinessLayer", "BjDidaSoft.Core.Application.BusinessLayer\BjDiDaSoft.Core.Application.BusinessLayer.csproj", "{36BA3B8C-2516-4C5B-BF3A-F7804EBCC91A}"
EndProject
Project("{FAE04EC0-301F-11D3-BF4B-00C04F79EFBC}") = "BjDiDaSoft.Core.Application.UniversalConnector", "BjDiDaSoft.Core.Application.UniversalConnector\BjDiDaSoft.Core.Application.UniversalConnector.csproj", "{0CEE044B-734F-4E4B-8243-14E9AE23C2A7}"
EndProject
Project("{FAE04EC0-301F-11D3-BF4B-00C04F79EFBC}") = "BjDiDaSoft.Core.Application.DataAccessLayer", "BjDiDaSoft.Core.Application.DataAccessLayer\BjDiDaSoft.Core.Application.DataAccessLayer.csproj", "{EF7CF4D1-CE6F-434E-BC12-D675764F9259}"
EndProject
Project("{FAE04EC0-301F-11D3-BF4B-00C04F79EFBC}") = "BjDiDaSoft.Core.Application.TimeAttendance", "BjDiDaSoft.Core.Application.TimeAttendance\BjDiDaSoft.Core.Application.TimeAttendance.csproj", "{0C2646DE-331E-4B74-9334-0F3875C4BC6A}"
EndProject
Global
	GlobalSection(SolutionConfigurationPlatforms) = preSolution
		Debug|Any CPU = Debug|Any CPU
		Release|Any CPU = Release|Any CPU
	EndGlobalSection
	GlobalSection(ProjectConfigurationPlatforms) = postSolution
		{36BA3B8C-2516-4C5B-BF3A-F7804EBCC91A}.Debug|Any CPU.ActiveCfg = Debug|Any CPU
		{36BA3B8C-2516-4C5B-BF3A-F7804EBCC91A}.Debug|Any CPU.Build.0 = Debug|Any CPU
		{36BA3B8C-2516-4C5B-BF3A-F7804EBCC91A}.Release|Any CPU.ActiveCfg = Release|Any CPU
		{36BA3B8C-2516-4C5B-BF3A-F7804EBCC91A}.Release|Any CPU.Build.0 = Release|Any CPU
		{0CEE044B-734F-4E4B-8243-14E9AE23C2A7}.Debug|Any CPU.ActiveCfg = Debug|Any CPU
		{0CEE044B-734F-4E4B-8243-14E9AE23C2A7}.Debug|Any CPU.Build.0 = Debug|Any CPU
		{0CEE044B-734F-4E4B-8243-14E9AE23C2A7}.Release|Any CPU.ActiveCfg = Release|Any CPU
		{0CEE044B-734F-4E4B-8243-14E9AE23C2A7}.Release|Any CPU.Build.0 = Release|Any CPU
		{EF7CF4D1-CE6F-434E-BC12-D675764F9259}.Debug|Any CPU.ActiveCfg = Debug|Any CPU
		{EF7CF4D1-CE6F-434E-BC12-D675764F9259}.Debug|Any CPU.Build.0 = Debug|Any CPU
		{EF7CF4D1-CE6F-434E-BC12-D675764F9259}.Release|Any CPU.ActiveCfg = Release|Any CPU
		{EF7CF4D1-CE6F-434E-BC12-D675764F9259}.Release|Any CPU.Build.0 = Release|Any CPU
		{0C2646DE-331E-4B74-9334-0F3875C4BC6A}.Debug|Any CPU.ActiveCfg = Debug|Any CPU
		{0C2646DE-331E-4B74-9334-0F3875C4BC6A}.Debug|Any CPU.Build.0 = Debug|Any CPU
		{0C2646DE-331E-4B74-9334-0F3875C4BC6A}.Release|Any CPU.ActiveCfg = Release|Any CPU
		{0C2646DE-331E-4B74-9334-0F3875C4BC6A}.Release|Any CPU.Build.0 = Release|Any CPU
	EndGlobalSection
	GlobalSection(SolutionProperties) = preSolution
		HideSolutionNode = FALSE
	EndGlobalSection
EndGlobal
